
Microsoft Visual Studio Solution File, Format Version 12.00
# Visual Studio Version 16
VisualStudioVersion = 16.0.30523.141
MinimumVisualStudioVersion = 10.0.40219.1
Project("{FAE04EC0-301F-11D3-BF4B-00C04F79EFBC}") = "GitHubPractice", "GitHubPractice\GitHubPractice.csproj", "{29632641-CF08-4630-BDC8-E83B54E692C4}"
EndProject
Global
	GlobalSection(SolutionConfigurationPlatforms) = preSolution
		Debug|Any CPU = Debug|Any CPU
		Release|Any CPU = Release|Any CPU
	EndGlobalSection
	GlobalSection(ProjectConfigurationPlatforms) = postSolution
		{29632641-CF08-4630-BDC8-E83B54E692C4}.Debug|Any CPU.ActiveCfg = Debug|Any CPU
		{29632641-CF08-4630-BDC8-E83B54E692C4}.Debug|Any CPU.Build.0 = Debug|Any CPU
		{29632641-CF08-4630-BDC8-E83B54E692C4}.Release|Any CPU.ActiveCfg = Release|Any CPU
		{29632641-CF08-4630-BDC8-E83B54E692C4}.Release|Any CPU.Build.0 = Release|Any CPU
	EndGlobalSection
	GlobalSection(SolutionProperties) = preSolution
		HideSolutionNode = FALSE
	EndGlobalSection
	GlobalSection(ExtensibilityGlobals) = postSolution
		SolutionGuid = {E5CA934A-0A6F-438D-BB9C-C426421A26E9}
	EndGlobalSection
EndGlobal
