
Microsoft Visual Studio Solution File, Format Version 12.00
# Visual Studio Version 16
VisualStudioVersion = 16.0.30523.141
MinimumVisualStudioVersion = 10.0.40219.1
Project("{FAE04EC0-301F-11D3-BF4B-00C04F79EFBC}") = "Class4Loops", "Class4Loops\Class4Loops.csproj", "{F06F62DF-7542-4A7D-BA8F-A84E9DEB66C4}"
EndProject
Global
	GlobalSection(SolutionConfigurationPlatforms) = preSolution
		Debug|Any CPU = Debug|Any CPU
		Release|Any CPU = Release|Any CPU
	EndGlobalSection
	GlobalSection(ProjectConfigurationPlatforms) = postSolution
		{F06F62DF-7542-4A7D-BA8F-A84E9DEB66C4}.Debug|Any CPU.ActiveCfg = Debug|Any CPU
		{F06F62DF-7542-4A7D-BA8F-A84E9DEB66C4}.Debug|Any CPU.Build.0 = Debug|Any CPU
		{F06F62DF-7542-4A7D-BA8F-A84E9DEB66C4}.Release|Any CPU.ActiveCfg = Release|Any CPU
		{F06F62DF-7542-4A7D-BA8F-A84E9DEB66C4}.Release|Any CPU.Build.0 = Release|Any CPU
	EndGlobalSection
	GlobalSection(SolutionProperties) = preSolution
		HideSolutionNode = FALSE
	EndGlobalSection
	GlobalSection(ExtensibilityGlobals) = postSolution
		SolutionGuid = {DE46F050-A8F5-4A57-B16E-4754DAAD48B1}
	EndGlobalSection
EndGlobal
